// !$*UTF8*$!
{
	archiveVersion = 1;
	classes = {
	};
	objectVersion = 46;
	objects = {

/* Begin PBXBuildFile section */
		4831DF191964B72700445877 /* photo1 (6).jpg in Resources */ = {isa = PBXBuildFile; fileRef = 4831DF181964B72700445877 /* photo1 (6).jpg */; };
		483F32DE195E0EF2009788C0 /* HSCommentCell.m in Sources */ = {isa = PBXBuildFile; fileRef = 483F32DD195E0EF2009788C0 /* HSCommentCell.m */; };
		483F32E5195E13E2009788C0 /* PPComment.m in Sources */ = {isa = PBXBuildFile; fileRef = 483F32E4195E13E2009788C0 /* PPComment.m */; };
		489652CB195A10AE002128B7 /* IMG_2602.jpg in Resources */ = {isa = PBXBuildFile; fileRef = 489652CA195A10AE002128B7 /* IMG_2602.jpg */; };
		48987A5A195A3E64003C6EC6 /* HPGrowingTextView.m in Sources */ = {isa = PBXBuildFile; fileRef = 48987A57195A3E64003C6EC6 /* HPGrowingTextView.m */; };
		48987A5B195A3E64003C6EC6 /* HPTextViewInternal.m in Sources */ = {isa = PBXBuildFile; fileRef = 48987A59195A3E64003C6EC6 /* HPTextViewInternal.m */; };
		CA384769195A39510083B949 /* PPBoxView.m in Sources */ = {isa = PBXBuildFile; fileRef = CA384768195A39510083B949 /* PPBoxView.m */; };
		CA38476C195A52340083B949 /* PPDeleteButton.m in Sources */ = {isa = PBXBuildFile; fileRef = CA38476B195A52340083B949 /* PPDeleteButton.m */; };
		CA384771195B3AC10083B949 /* NSString+FontAwesome.m in Sources */ = {isa = PBXBuildFile; fileRef = CA38476E195B3AC10083B949 /* NSString+FontAwesome.m */; };
		CA384772195B3AC10083B949 /* UIFont+FontAwesome.m in Sources */ = {isa = PBXBuildFile; fileRef = CA384770195B3AC10083B949 /* UIFont+FontAwesome.m */; };
		CA384776195B3BD70083B949 /* FontAwesome.ttf in Resources */ = {isa = PBXBuildFile; fileRef = CA384775195B3AFE0083B949 /* FontAwesome.ttf */; };
		CA3C07F3195CE9ED005C52FC /* UIScrollView+Util.m in Sources */ = {isa = PBXBuildFile; fileRef = CA3C07F2195CE9ED005C52FC /* UIScrollView+Util.m */; };
		CA3C07F6195DDDE9005C52FC /* PPFeedbackImageView.m in Sources */ = {isa = PBXBuildFile; fileRef = CA3C07F5195DDDE9005C52FC /* PPFeedbackImageView.m */; };
		CA3C07FD19632AB8005C52FC /* PPBoxViewController.m in Sources */ = {isa = PBXBuildFile; fileRef = CA3C07FC19632AB8005C52FC /* PPBoxViewController.m */; };
		CA8B5E47196CAD58004BE4F3 /* PPCameraViewController.m in Sources */ = {isa = PBXBuildFile; fileRef = CA8B5E46196CAD58004BE4F3 /* PPCameraViewController.m */; };
		CA8B5E4D196CB478004BE4F3 /* PPPageViewController.m in Sources */ = {isa = PBXBuildFile; fileRef = CA8B5E4C196CB478004BE4F3 /* PPPageViewController.m */; };
		CA8B5E50196CDD11004BE4F3 /* IKCapture.m in Sources */ = {isa = PBXBuildFile; fileRef = CA8B5E4F196CDD11004BE4F3 /* IKCapture.m */; };
		CA9216E2195C86DF001ABA86 /* PPButton.m in Sources */ = {isa = PBXBuildFile; fileRef = CA9216E1195C86DF001ABA86 /* PPButton.m */; };
		CABC912A1959F99600B4AEF5 /* main.m in Sources */ = {isa = PBXBuildFile; fileRef = CABC91291959F99600B4AEF5 /* main.m */; };
		CABC912D1959F99600B4AEF5 /* AppDelegate.m in Sources */ = {isa = PBXBuildFile; fileRef = CABC912C1959F99600B4AEF5 /* AppDelegate.m */; };
		CABC91301959F99600B4AEF5 /* PPFeedbackViewController.m in Sources */ = {isa = PBXBuildFile; fileRef = CABC912F1959F99600B4AEF5 /* PPFeedbackViewController.m */; };
		CABC91331959F99600B4AEF5 /* Main.storyboard in Resources */ = {isa = PBXBuildFile; fileRef = CABC91311959F99600B4AEF5 /* Main.storyboard */; };
		CABC91351959F99600B4AEF5 /* Images.xcassets in Resources */ = {isa = PBXBuildFile; fileRef = CABC91341959F99600B4AEF5 /* Images.xcassets */; };
		CABC91411959F99600B4AEF5 /* PaperPlanesV0_2_0Tests.m in Sources */ = {isa = PBXBuildFile; fileRef = CABC91401959F99600B4AEF5 /* PaperPlanesV0_2_0Tests.m */; };
		CAE99DE7195B8E240050B584 /* PPResizeButton.m in Sources */ = {isa = PBXBuildFile; fileRef = CAE99DE6195B8E240050B584 /* PPResizeButton.m */; };
		CAE99DEA195BA0970050B584 /* UIView+Util.m in Sources */ = {isa = PBXBuildFile; fileRef = CAE99DE9195BA0970050B584 /* UIView+Util.m */; };
		CAE99DEE195BA4FF0050B584 /* PPMoveButton.m in Sources */ = {isa = PBXBuildFile; fileRef = CAE99DED195BA4FF0050B584 /* PPMoveButton.m */; };
/* End PBXBuildFile section */

/* Begin PBXContainerItemProxy section */
		CABC913B1959F99600B4AEF5 /* PBXContainerItemProxy */ = {
			isa = PBXContainerItemProxy;
			containerPortal = CABC911C1959F99600B4AEF5 /* Project object */;
			proxyType = 1;
			remoteGlobalIDString = CABC91231959F99600B4AEF5;
			remoteInfo = PaperPlanesV0.2.0;
		};
/* End PBXContainerItemProxy section */

/* Begin PBXFileReference section */
		4831DF181964B72700445877 /* photo1 (6).jpg */ = {isa = PBXFileReference; lastKnownFileType = image.jpeg; path = "photo1 (6).jpg"; sourceTree = "<group>"; };
		483F32DC195E0EF2009788C0 /* HSCommentCell.h */ = {isa = PBXFileReference; fileEncoding = 4; lastKnownFileType = sourcecode.c.h; path = HSCommentCell.h; sourceTree = "<group>"; };
		483F32DD195E0EF2009788C0 /* HSCommentCell.m */ = {isa = PBXFileReference; fileEncoding = 4; lastKnownFileType = sourcecode.c.objc; path = HSCommentCell.m; sourceTree = "<group>"; };
		483F32E3195E13E2009788C0 /* PPComment.h */ = {isa = PBXFileReference; fileEncoding = 4; lastKnownFileType = sourcecode.c.h; path = PPComment.h; sourceTree = "<group>"; };
		483F32E4195E13E2009788C0 /* PPComment.m */ = {isa = PBXFileReference; fileEncoding = 4; lastKnownFileType = sourcecode.c.objc; path = PPComment.m; sourceTree = "<group>"; };
		489652CA195A10AE002128B7 /* IMG_2602.jpg */ = {isa = PBXFileReference; lastKnownFileType = image.jpeg; path = IMG_2602.jpg; sourceTree = "<group>"; };
		48987A56195A3E64003C6EC6 /* HPGrowingTextView.h */ = {isa = PBXFileReference; fileEncoding = 4; lastKnownFileType = sourcecode.c.h; path = HPGrowingTextView.h; sourceTree = "<group>"; };
		48987A57195A3E64003C6EC6 /* HPGrowingTextView.m */ = {isa = PBXFileReference; fileEncoding = 4; lastKnownFileType = sourcecode.c.objc; path = HPGrowingTextView.m; sourceTree = "<group>"; };
		48987A58195A3E64003C6EC6 /* HPTextViewInternal.h */ = {isa = PBXFileReference; fileEncoding = 4; lastKnownFileType = sourcecode.c.h; path = HPTextViewInternal.h; sourceTree = "<group>"; };
		48987A59195A3E64003C6EC6 /* HPTextViewInternal.m */ = {isa = PBXFileReference; fileEncoding = 4; lastKnownFileType = sourcecode.c.objc; path = HPTextViewInternal.m; sourceTree = "<group>"; };
		CA384767195A39510083B949 /* PPBoxView.h */ = {isa = PBXFileReference; fileEncoding = 4; lastKnownFileType = sourcecode.c.h; path = PPBoxView.h; sourceTree = "<group>"; };
		CA384768195A39510083B949 /* PPBoxView.m */ = {isa = PBXFileReference; fileEncoding = 4; lastKnownFileType = sourcecode.c.objc; path = PPBoxView.m; sourceTree = "<group>"; };
		CA38476A195A52340083B949 /* PPDeleteButton.h */ = {isa = PBXFileReference; fileEncoding = 4; lastKnownFileType = sourcecode.c.h; path = PPDeleteButton.h; sourceTree = "<group>"; };
		CA38476B195A52340083B949 /* PPDeleteButton.m */ = {isa = PBXFileReference; fileEncoding = 4; lastKnownFileType = sourcecode.c.objc; path = PPDeleteButton.m; sourceTree = "<group>"; };
		CA38476D195B3AC10083B949 /* NSString+FontAwesome.h */ = {isa = PBXFileReference; fileEncoding = 4; lastKnownFileType = sourcecode.c.h; path = "NSString+FontAwesome.h"; sourceTree = "<group>"; };
		CA38476E195B3AC10083B949 /* NSString+FontAwesome.m */ = {isa = PBXFileReference; fileEncoding = 4; lastKnownFileType = sourcecode.c.objc; path = "NSString+FontAwesome.m"; sourceTree = "<group>"; };
		CA38476F195B3AC10083B949 /* UIFont+FontAwesome.h */ = {isa = PBXFileReference; fileEncoding = 4; lastKnownFileType = sourcecode.c.h; path = "UIFont+FontAwesome.h"; sourceTree = "<group>"; };
		CA384770195B3AC10083B949 /* UIFont+FontAwesome.m */ = {isa = PBXFileReference; fileEncoding = 4; lastKnownFileType = sourcecode.c.objc; path = "UIFont+FontAwesome.m"; sourceTree = "<group>"; };
		CA384775195B3AFE0083B949 /* FontAwesome.ttf */ = {isa = PBXFileReference; lastKnownFileType = file; path = FontAwesome.ttf; sourceTree = "<group>"; };
		CA3C07F1195CE9ED005C52FC /* UIScrollView+Util.h */ = {isa = PBXFileReference; fileEncoding = 4; lastKnownFileType = sourcecode.c.h; path = "UIScrollView+Util.h"; sourceTree = "<group>"; };
		CA3C07F2195CE9ED005C52FC /* UIScrollView+Util.m */ = {isa = PBXFileReference; fileEncoding = 4; lastKnownFileType = sourcecode.c.objc; path = "UIScrollView+Util.m"; sourceTree = "<group>"; };
		CA3C07F4195DDDE9005C52FC /* PPFeedbackImageView.h */ = {isa = PBXFileReference; fileEncoding = 4; lastKnownFileType = sourcecode.c.h; path = PPFeedbackImageView.h; sourceTree = "<group>"; };
		CA3C07F5195DDDE9005C52FC /* PPFeedbackImageView.m */ = {isa = PBXFileReference; fileEncoding = 4; lastKnownFileType = sourcecode.c.objc; path = PPFeedbackImageView.m; sourceTree = "<group>"; };
		CA3C07FB19632AB8005C52FC /* PPBoxViewController.h */ = {isa = PBXFileReference; fileEncoding = 4; lastKnownFileType = sourcecode.c.h; path = PPBoxViewController.h; sourceTree = "<group>"; };
		CA3C07FC19632AB8005C52FC /* PPBoxViewController.m */ = {isa = PBXFileReference; fileEncoding = 4; lastKnownFileType = sourcecode.c.objc; path = PPBoxViewController.m; sourceTree = "<group>"; };
		CA8B5E45196CAD58004BE4F3 /* PPCameraViewController.h */ = {isa = PBXFileReference; fileEncoding = 4; lastKnownFileType = sourcecode.c.h; path = PPCameraViewController.h; sourceTree = "<group>"; };
		CA8B5E46196CAD58004BE4F3 /* PPCameraViewController.m */ = {isa = PBXFileReference; fileEncoding = 4; lastKnownFileType = sourcecode.c.objc; path = PPCameraViewController.m; sourceTree = "<group>"; };
		CA8B5E4B196CB478004BE4F3 /* PPPageViewController.h */ = {isa = PBXFileReference; fileEncoding = 4; lastKnownFileType = sourcecode.c.h; path = PPPageViewController.h; sourceTree = "<group>"; };
		CA8B5E4C196CB478004BE4F3 /* PPPageViewController.m */ = {isa = PBXFileReference; fileEncoding = 4; lastKnownFileType = sourcecode.c.objc; path = PPPageViewController.m; sourceTree = "<group>"; };
		CA8B5E4E196CDD11004BE4F3 /* IKCapture.h */ = {isa = PBXFileReference; fileEncoding = 4; lastKnownFileType = sourcecode.c.h; path = IKCapture.h; sourceTree = "<group>"; };
		CA8B5E4F196CDD11004BE4F3 /* IKCapture.m */ = {isa = PBXFileReference; fileEncoding = 4; lastKnownFileType = sourcecode.c.objc; path = IKCapture.m; sourceTree = "<group>"; };
		CA9216E0195C86DF001ABA86 /* PPButton.h */ = {isa = PBXFileReference; fileEncoding = 4; lastKnownFileType = sourcecode.c.h; path = PPButton.h; sourceTree = "<group>"; };
		CA9216E1195C86DF001ABA86 /* PPButton.m */ = {isa = PBXFileReference; fileEncoding = 4; lastKnownFileType = sourcecode.c.objc; path = PPButton.m; sourceTree = "<group>"; };
		CABC91241959F99600B4AEF5 /* PaperPlanesV0.2.0.app */ = {isa = PBXFileReference; explicitFileType = wrapper.application; includeInIndex = 0; path = PaperPlanesV0.2.0.app; sourceTree = BUILT_PRODUCTS_DIR; };
		CABC91281959F99600B4AEF5 /* Info.plist */ = {isa = PBXFileReference; lastKnownFileType = text.plist.xml; path = Info.plist; sourceTree = "<group>"; };
		CABC91291959F99600B4AEF5 /* main.m */ = {isa = PBXFileReference; lastKnownFileType = sourcecode.c.objc; path = main.m; sourceTree = "<group>"; };
		CABC912B1959F99600B4AEF5 /* AppDelegate.h */ = {isa = PBXFileReference; lastKnownFileType = sourcecode.c.h; path = AppDelegate.h; sourceTree = "<group>"; };
		CABC912C1959F99600B4AEF5 /* AppDelegate.m */ = {isa = PBXFileReference; lastKnownFileType = sourcecode.c.objc; path = AppDelegate.m; sourceTree = "<group>"; };
		CABC912E1959F99600B4AEF5 /* PPFeedbackViewController.h */ = {isa = PBXFileReference; lastKnownFileType = sourcecode.c.h; path = PPFeedbackViewController.h; sourceTree = "<group>"; };
		CABC912F1959F99600B4AEF5 /* PPFeedbackViewController.m */ = {isa = PBXFileReference; lastKnownFileType = sourcecode.c.objc; path = PPFeedbackViewController.m; sourceTree = "<group>"; };
		CABC91321959F99600B4AEF5 /* Base */ = {isa = PBXFileReference; lastKnownFileType = file.storyboard; name = Base; path = Base.lproj/Main.storyboard; sourceTree = "<group>"; };
		CABC91341959F99600B4AEF5 /* Images.xcassets */ = {isa = PBXFileReference; lastKnownFileType = folder.assetcatalog; path = Images.xcassets; sourceTree = "<group>"; };
		CABC913A1959F99600B4AEF5 /* PaperPlanesV0.2.0Tests.xctest */ = {isa = PBXFileReference; explicitFileType = wrapper.cfbundle; includeInIndex = 0; path = PaperPlanesV0.2.0Tests.xctest; sourceTree = BUILT_PRODUCTS_DIR; };
		CABC913F1959F99600B4AEF5 /* Info.plist */ = {isa = PBXFileReference; lastKnownFileType = text.plist.xml; path = Info.plist; sourceTree = "<group>"; };
		CABC91401959F99600B4AEF5 /* PaperPlanesV0_2_0Tests.m */ = {isa = PBXFileReference; lastKnownFileType = sourcecode.c.objc; path = PaperPlanesV0_2_0Tests.m; sourceTree = "<group>"; };
		CAE99DE5195B8E240050B584 /* PPResizeButton.h */ = {isa = PBXFileReference; fileEncoding = 4; lastKnownFileType = sourcecode.c.h; path = PPResizeButton.h; sourceTree = "<group>"; };
		CAE99DE6195B8E240050B584 /* PPResizeButton.m */ = {isa = PBXFileReference; fileEncoding = 4; lastKnownFileType = sourcecode.c.objc; path = PPResizeButton.m; sourceTree = "<group>"; };
		CAE99DE8195BA0970050B584 /* UIView+Util.h */ = {isa = PBXFileReference; fileEncoding = 4; lastKnownFileType = sourcecode.c.h; path = "UIView+Util.h"; sourceTree = "<group>"; };
		CAE99DE9195BA0970050B584 /* UIView+Util.m */ = {isa = PBXFileReference; fileEncoding = 4; lastKnownFileType = sourcecode.c.objc; path = "UIView+Util.m"; sourceTree = "<group>"; };
		CAE99DEC195BA4FF0050B584 /* PPMoveButton.h */ = {isa = PBXFileReference; fileEncoding = 4; lastKnownFileType = sourcecode.c.h; path = PPMoveButton.h; sourceTree = "<group>"; };
		CAE99DED195BA4FF0050B584 /* PPMoveButton.m */ = {isa = PBXFileReference; fileEncoding = 4; lastKnownFileType = sourcecode.c.objc; path = PPMoveButton.m; sourceTree = "<group>"; };
/* End PBXFileReference section */

/* Begin PBXFrameworksBuildPhase section */
		CABC91211959F99600B4AEF5 /* Frameworks */ = {
			isa = PBXFrameworksBuildPhase;
			buildActionMask = 2147483647;
			files = (
			);
			runOnlyForDeploymentPostprocessing = 0;
		};
		CABC91371959F99600B4AEF5 /* Frameworks */ = {
			isa = PBXFrameworksBuildPhase;
			buildActionMask = 2147483647;
			files = (
			);
			runOnlyForDeploymentPostprocessing = 0;
		};
/* End PBXFrameworksBuildPhase section */

/* Begin PBXGroup section */
		483F32E2195E135D009788C0 /* Models */ = {
			isa = PBXGroup;
			children = (
				483F32E3195E13E2009788C0 /* PPComment.h */,
				483F32E4195E13E2009788C0 /* PPComment.m */,
			);
			name = Models;
			sourceTree = "<group>";
		};
		48987A5C195A3E6E003C6EC6 /* Growing Text View */ = {
			isa = PBXGroup;
			children = (
				48987A56195A3E64003C6EC6 /* HPGrowingTextView.h */,
				48987A57195A3E64003C6EC6 /* HPGrowingTextView.m */,
				48987A58195A3E64003C6EC6 /* HPTextViewInternal.h */,
				48987A59195A3E64003C6EC6 /* HPTextViewInternal.m */,
			);
			name = "Growing Text View";
			sourceTree = "<group>";
		};
		CA384773195B3AD20083B949 /* Libraries */ = {
			isa = PBXGroup;
			children = (
				CA8B5E51196CDD17004BE4F3 /* IKCapture */,
				CA384774195B3ADE0083B949 /* FontAwesome */,
			);
			name = Libraries;
			sourceTree = "<group>";
		};
		CA384774195B3ADE0083B949 /* FontAwesome */ = {
			isa = PBXGroup;
			children = (
				CA384775195B3AFE0083B949 /* FontAwesome.ttf */,
				CA38476D195B3AC10083B949 /* NSString+FontAwesome.h */,
				CA38476E195B3AC10083B949 /* NSString+FontAwesome.m */,
				CA38476F195B3AC10083B949 /* UIFont+FontAwesome.h */,
				CA384770195B3AC10083B949 /* UIFont+FontAwesome.m */,
			);
			name = FontAwesome;
			sourceTree = "<group>";
		};
		CA3C07FE19632ABF005C52FC /* View Controllers */ = {
			isa = PBXGroup;
			children = (
				CA8B5E45196CAD58004BE4F3 /* PPCameraViewController.h */,
				CA8B5E46196CAD58004BE4F3 /* PPCameraViewController.m */,
				CABC912E1959F99600B4AEF5 /* PPFeedbackViewController.h */,
				CABC912F1959F99600B4AEF5 /* PPFeedbackViewController.m */,
				CA3C07FB19632AB8005C52FC /* PPBoxViewController.h */,
				CA3C07FC19632AB8005C52FC /* PPBoxViewController.m */,
				CA8B5E4B196CB478004BE4F3 /* PPPageViewController.h */,
				CA8B5E4C196CB478004BE4F3 /* PPPageViewController.m */,
			);
			name = "View Controllers";
			sourceTree = "<group>";
		};
		CA8B5E51196CDD17004BE4F3 /* IKCapture */ = {
			isa = PBXGroup;
			children = (
				CA8B5E4E196CDD11004BE4F3 /* IKCapture.h */,
				CA8B5E4F196CDD11004BE4F3 /* IKCapture.m */,
			);
			name = IKCapture;
			sourceTree = "<group>";
		};
		CABC911B1959F99600B4AEF5 = {
			isa = PBXGroup;
			children = (
				CABC91261959F99600B4AEF5 /* PaperPlanesV0.2.0 */,
				CABC913D1959F99600B4AEF5 /* PaperPlanesV0.2.0Tests */,
				CABC91251959F99600B4AEF5 /* Products */,
			);
			sourceTree = "<group>";
		};
		CABC91251959F99600B4AEF5 /* Products */ = {
			isa = PBXGroup;
			children = (
				CABC91241959F99600B4AEF5 /* PaperPlanesV0.2.0.app */,
				CABC913A1959F99600B4AEF5 /* PaperPlanesV0.2.0Tests.xctest */,
			);
			name = Products;
			sourceTree = "<group>";
		};
		CABC91261959F99600B4AEF5 /* PaperPlanesV0.2.0 */ = {
			isa = PBXGroup;
			children = (
				CA384773195B3AD20083B949 /* Libraries */,
				489652CA195A10AE002128B7 /* IMG_2602.jpg */,
				4831DF181964B72700445877 /* photo1 (6).jpg */,
				CABC912B1959F99600B4AEF5 /* AppDelegate.h */,
				CABC912C1959F99600B4AEF5 /* AppDelegate.m */,
				CA3C07FE19632ABF005C52FC /* View Controllers */,
				483F32E2195E135D009788C0 /* Models */,
				CAE99DEB195BA3610050B584 /* Views */,
				CABC91311959F99600B4AEF5 /* Main.storyboard */,
				CABC91341959F99600B4AEF5 /* Images.xcassets */,
				48987A5C195A3E6E003C6EC6 /* Growing Text View */,
				CABC91271959F99600B4AEF5 /* Supporting Files */,
			);
			path = PaperPlanesV0.2.0;
			sourceTree = "<group>";
		};
		CABC91271959F99600B4AEF5 /* Supporting Files */ = {
			isa = PBXGroup;
			children = (
				CABC91281959F99600B4AEF5 /* Info.plist */,
				CABC91291959F99600B4AEF5 /* main.m */,
			);
			name = "Supporting Files";
			sourceTree = "<group>";
		};
		CABC913D1959F99600B4AEF5 /* PaperPlanesV0.2.0Tests */ = {
			isa = PBXGroup;
			children = (
				CABC91401959F99600B4AEF5 /* PaperPlanesV0_2_0Tests.m */,
				CABC913E1959F99600B4AEF5 /* Supporting Files */,
			);
			path = PaperPlanesV0.2.0Tests;
			sourceTree = "<group>";
		};
		CABC913E1959F99600B4AEF5 /* Supporting Files */ = {
			isa = PBXGroup;
			children = (
				CABC913F1959F99600B4AEF5 /* Info.plist */,
			);
			name = "Supporting Files";
			sourceTree = "<group>";
		};
		CAE99DEB195BA3610050B584 /* Views */ = {
			isa = PBXGroup;
			children = (
				CA3C07F1195CE9ED005C52FC /* UIScrollView+Util.h */,
				CA3C07F2195CE9ED005C52FC /* UIScrollView+Util.m */,
				CA384767195A39510083B949 /* PPBoxView.h */,
				CA384768195A39510083B949 /* PPBoxView.m */,
				CAE99DE8195BA0970050B584 /* UIView+Util.h */,
				CAE99DE9195BA0970050B584 /* UIView+Util.m */,
				CAE99DEC195BA4FF0050B584 /* PPMoveButton.h */,
				CAE99DED195BA4FF0050B584 /* PPMoveButton.m */,
				CA9216E0195C86DF001ABA86 /* PPButton.h */,
				CA9216E1195C86DF001ABA86 /* PPButton.m */,
				CA38476A195A52340083B949 /* PPDeleteButton.h */,
				CA38476B195A52340083B949 /* PPDeleteButton.m */,
				CAE99DE5195B8E240050B584 /* PPResizeButton.h */,
				CAE99DE6195B8E240050B584 /* PPResizeButton.m */,
				483F32DC195E0EF2009788C0 /* HSCommentCell.h */,
				483F32DD195E0EF2009788C0 /* HSCommentCell.m */,
				CA3C07F4195DDDE9005C52FC /* PPFeedbackImageView.h */,
				CA3C07F5195DDDE9005C52FC /* PPFeedbackImageView.m */,
			);
			name = Views;
			sourceTree = "<group>";
		};
/* End PBXGroup section */

/* Begin PBXNativeTarget section */
		CABC91231959F99600B4AEF5 /* PaperPlanesV0.2.0 */ = {
			isa = PBXNativeTarget;
			buildConfigurationList = CABC91441959F99600B4AEF5 /* Build configuration list for PBXNativeTarget "PaperPlanesV0.2.0" */;
			buildPhases = (
				CABC91201959F99600B4AEF5 /* Sources */,
				CABC91211959F99600B4AEF5 /* Frameworks */,
				CABC91221959F99600B4AEF5 /* Resources */,
			);
			buildRules = (
			);
			dependencies = (
			);
			name = PaperPlanesV0.2.0;
			productName = PaperPlanesV0.2.0;
			productReference = CABC91241959F99600B4AEF5 /* PaperPlanesV0.2.0.app */;
			productType = "com.apple.product-type.application";
		};
		CABC91391959F99600B4AEF5 /* PaperPlanesV0.2.0Tests */ = {
			isa = PBXNativeTarget;
			buildConfigurationList = CABC91471959F99600B4AEF5 /* Build configuration list for PBXNativeTarget "PaperPlanesV0.2.0Tests" */;
			buildPhases = (
				CABC91361959F99600B4AEF5 /* Sources */,
				CABC91371959F99600B4AEF5 /* Frameworks */,
				CABC91381959F99600B4AEF5 /* Resources */,
			);
			buildRules = (
			);
			dependencies = (
				CABC913C1959F99600B4AEF5 /* PBXTargetDependency */,
			);
			name = PaperPlanesV0.2.0Tests;
			productName = PaperPlanesV0.2.0Tests;
			productReference = CABC913A1959F99600B4AEF5 /* PaperPlanesV0.2.0Tests.xctest */;
			productType = "com.apple.product-type.bundle.unit-test";
		};
/* End PBXNativeTarget section */

/* Begin PBXProject section */
		CABC911C1959F99600B4AEF5 /* Project object */ = {
			isa = PBXProject;
			attributes = {
				LastUpgradeCheck = 0600;
				ORGANIZATIONNAME = "Learning Public";
				TargetAttributes = {
					CABC91231959F99600B4AEF5 = {
						CreatedOnToolsVersion = 6.0;
					};
					CABC91391959F99600B4AEF5 = {
						CreatedOnToolsVersion = 6.0;
						TestTargetID = CABC91231959F99600B4AEF5;
					};
				};
			};
			buildConfigurationList = CABC911F1959F99600B4AEF5 /* Build configuration list for PBXProject "PaperPlanesV0.2.0" */;
			compatibilityVersion = "Xcode 3.2";
			developmentRegion = English;
			hasScannedForEncodings = 0;
			knownRegions = (
				en,
				Base,
			);
			mainGroup = CABC911B1959F99600B4AEF5;
			productRefGroup = CABC91251959F99600B4AEF5 /* Products */;
			projectDirPath = "";
			projectRoot = "";
			targets = (
				CABC91231959F99600B4AEF5 /* PaperPlanesV0.2.0 */,
				CABC91391959F99600B4AEF5 /* PaperPlanesV0.2.0Tests */,
			);
		};
/* End PBXProject section */

/* Begin PBXResourcesBuildPhase section */
		CABC91221959F99600B4AEF5 /* Resources */ = {
			isa = PBXResourcesBuildPhase;
			buildActionMask = 2147483647;
			files = (
				CA384776195B3BD70083B949 /* FontAwesome.ttf in Resources */,
				489652CB195A10AE002128B7 /* IMG_2602.jpg in Resources */,
				4831DF191964B72700445877 /* photo1 (6).jpg in Resources */,
				CABC91331959F99600B4AEF5 /* Main.storyboard in Resources */,
				CABC91351959F99600B4AEF5 /* Images.xcassets in Resources */,
			);
			runOnlyForDeploymentPostprocessing = 0;
		};
		CABC91381959F99600B4AEF5 /* Resources */ = {
			isa = PBXResourcesBuildPhase;
			buildActionMask = 2147483647;
			files = (
			);
			runOnlyForDeploymentPostprocessing = 0;
		};
/* End PBXResourcesBuildPhase section */

/* Begin PBXSourcesBuildPhase section */
		CABC91201959F99600B4AEF5 /* Sources */ = {
			isa = PBXSourcesBuildPhase;
			buildActionMask = 2147483647;
			files = (
				483F32DE195E0EF2009788C0 /* HSCommentCell.m in Sources */,
				483F32E5195E13E2009788C0 /* PPComment.m in Sources */,
				CA3C07FD19632AB8005C52FC /* PPBoxViewController.m in Sources */,
				CA8B5E47196CAD58004BE4F3 /* PPCameraViewController.m in Sources */,
				CAE99DEE195BA4FF0050B584 /* PPMoveButton.m in Sources */,
				CABC91301959F99600B4AEF5 /* PPFeedbackViewController.m in Sources */,
				CABC912D1959F99600B4AEF5 /* AppDelegate.m in Sources */,
				CA9216E2195C86DF001ABA86 /* PPButton.m in Sources */,
				CA384771195B3AC10083B949 /* NSString+FontAwesome.m in Sources */,
				CA38476C195A52340083B949 /* PPDeleteButton.m in Sources */,
				CA384772195B3AC10083B949 /* UIFont+FontAwesome.m in Sources */,
				CA384769195A39510083B949 /* PPBoxView.m in Sources */,
				CABC912A1959F99600B4AEF5 /* main.m in Sources */,
				CA8B5E4D196CB478004BE4F3 /* PPPageViewController.m in Sources */,
				CAE99DE7195B8E240050B584 /* PPResizeButton.m in Sources */,
				CA3C07F6195DDDE9005C52FC /* PPFeedbackImageView.m in Sources */,
				CA3C07F3195CE9ED005C52FC /* UIScrollView+Util.m in Sources */,
				CAE99DEA195BA0970050B584 /* UIView+Util.m in Sources */,
				48987A5A195A3E64003C6EC6 /* HPGrowingTextView.m in Sources */,
				48987A5B195A3E64003C6EC6 /* HPTextViewInternal.m in Sources */,
				CA8B5E50196CDD11004BE4F3 /* IKCapture.m in Sources */,
			);
			runOnlyForDeploymentPostprocessing = 0;
		};
		CABC91361959F99600B4AEF5 /* Sources */ = {
			isa = PBXSourcesBuildPhase;
			buildActionMask = 2147483647;
			files = (
				CABC91411959F99600B4AEF5 /* PaperPlanesV0_2_0Tests.m in Sources */,
			);
			runOnlyForDeploymentPostprocessing = 0;
		};
/* End PBXSourcesBuildPhase section */

/* Begin PBXTargetDependency section */
		CABC913C1959F99600B4AEF5 /* PBXTargetDependency */ = {
			isa = PBXTargetDependency;
			target = CABC91231959F99600B4AEF5 /* PaperPlanesV0.2.0 */;
			targetProxy = CABC913B1959F99600B4AEF5 /* PBXContainerItemProxy */;
		};
/* End PBXTargetDependency section */

/* Begin PBXVariantGroup section */
		CABC91311959F99600B4AEF5 /* Main.storyboard */ = {
			isa = PBXVariantGroup;
			children = (
				CABC91321959F99600B4AEF5 /* Base */,
			);
			name = Main.storyboard;
			sourceTree = "<group>";
		};
/* End PBXVariantGroup section */

/* Begin XCBuildConfiguration section */
		CABC91421959F99600B4AEF5 /* Debug */ = {
			isa = XCBuildConfiguration;
			buildSettings = {
				ALWAYS_SEARCH_USER_PATHS = NO;
				CLANG_CXX_LANGUAGE_STANDARD = "gnu++0x";
				CLANG_CXX_LIBRARY = "libc++";
				CLANG_ENABLE_MODULES = YES;
				CLANG_ENABLE_OBJC_ARC = YES;
				CLANG_WARN_BOOL_CONVERSION = YES;
				CLANG_WARN_CONSTANT_CONVERSION = YES;
				CLANG_WARN_DIRECT_OBJC_ISA_USAGE = YES_ERROR;
				CLANG_WARN_EMPTY_BODY = YES;
				CLANG_WARN_ENUM_CONVERSION = YES;
				CLANG_WARN_INT_CONVERSION = YES;
				CLANG_WARN_OBJC_ROOT_CLASS = YES_ERROR;
				CLANG_WARN_UNREACHABLE_CODE = YES;
				CLANG_WARN__DUPLICATE_METHOD_MATCH = YES;
				"CODE_SIGN_IDENTITY[sdk=iphoneos*]" = "iPhone Developer";
				COPY_PHASE_STRIP = NO;
				ENABLE_STRICT_OBJC_MSGSEND = YES;
				GCC_C_LANGUAGE_STANDARD = gnu99;
				GCC_DYNAMIC_NO_PIC = NO;
				GCC_OPTIMIZATION_LEVEL = 0;
				GCC_PREPROCESSOR_DEFINITIONS = (
					"DEBUG=1",
					"$(inherited)",
				);
				GCC_SYMBOLS_PRIVATE_EXTERN = NO;
				GCC_WARN_64_TO_32_BIT_CONVERSION = YES;
				GCC_WARN_ABOUT_RETURN_TYPE = YES_ERROR;
				GCC_WARN_UNDECLARED_SELECTOR = YES;
				GCC_WARN_UNINITIALIZED_AUTOS = YES_AGGRESSIVE;
				GCC_WARN_UNUSED_FUNCTION = YES;
				GCC_WARN_UNUSED_VARIABLE = YES;
				IPHONEOS_DEPLOYMENT_TARGET = 7.1;
				METAL_ENABLE_DEBUG_INFO = YES;
				ONLY_ACTIVE_ARCH = YES;
				SDKROOT = iphoneos7.1;
			};
			name = Debug;
		};
		CABC91431959F99600B4AEF5 /* Release */ = {
			isa = XCBuildConfiguration;
			buildSettings = {
				ALWAYS_SEARCH_USER_PATHS = NO;
				CLANG_CXX_LANGUAGE_STANDARD = "gnu++0x";
				CLANG_CXX_LIBRARY = "libc++";
				CLANG_ENABLE_MODULES = YES;
				CLANG_ENABLE_OBJC_ARC = YES;
				CLANG_WARN_BOOL_CONVERSION = YES;
				CLANG_WARN_CONSTANT_CONVERSION = YES;
				CLANG_WARN_DIRECT_OBJC_ISA_USAGE = YES_ERROR;
				CLANG_WARN_EMPTY_BODY = YES;
				CLANG_WARN_ENUM_CONVERSION = YES;
				CLANG_WARN_INT_CONVERSION = YES;
				CLANG_WARN_OBJC_ROOT_CLASS = YES_ERROR;
				CLANG_WARN_UNREACHABLE_CODE = YES;
				CLANG_WARN__DUPLICATE_METHOD_MATCH = YES;
				"CODE_SIGN_IDENTITY[sdk=iphoneos*]" = "iPhone Developer";
				COPY_PHASE_STRIP = YES;
				ENABLE_NS_ASSERTIONS = NO;
				ENABLE_STRICT_OBJC_MSGSEND = YES;
				GCC_C_LANGUAGE_STANDARD = gnu99;
				GCC_WARN_64_TO_32_BIT_CONVERSION = YES;
				GCC_WARN_ABOUT_RETURN_TYPE = YES_ERROR;
				GCC_WARN_UNDECLARED_SELECTOR = YES;
				GCC_WARN_UNINITIALIZED_AUTOS = YES_AGGRESSIVE;
				GCC_WARN_UNUSED_FUNCTION = YES;
				GCC_WARN_UNUSED_VARIABLE = YES;
				IPHONEOS_DEPLOYMENT_TARGET = 7.1;
				METAL_ENABLE_DEBUG_INFO = NO;
				SDKROOT = iphoneos7.1;
				VALIDATE_PRODUCT = YES;
			};
			name = Release;
		};
		CABC91451959F99600B4AEF5 /* Debug */ = {
			isa = XCBuildConfiguration;
			buildSettings = {
				ASSETCATALOG_COMPILER_APPICON_NAME = AppIcon;
				ASSETCATALOG_COMPILER_LAUNCHIMAGE_NAME = LaunchImage;
				INFOPLIST_FILE = PaperPlanesV0.2.0/Info.plist;
				LD_RUNPATH_SEARCH_PATHS = "$(inherited) @executable_path/Frameworks";
				PRODUCT_NAME = "$(TARGET_NAME)";
			};
			name = Debug;
		};
		CABC91461959F99600B4AEF5 /* Release */ = {
			isa = XCBuildConfiguration;
			buildSettings = {
				ASSETCATALOG_COMPILER_APPICON_NAME = AppIcon;
				ASSETCATALOG_COMPILER_LAUNCHIMAGE_NAME = LaunchImage;
				INFOPLIST_FILE = PaperPlanesV0.2.0/Info.plist;
				LD_RUNPATH_SEARCH_PATHS = "$(inherited) @executable_path/Frameworks";
				PRODUCT_NAME = "$(TARGET_NAME)";
			};
			name = Release;
		};
		CABC91481959F99600B4AEF5 /* Debug */ = {
			isa = XCBuildConfiguration;
			buildSettings = {
				BUNDLE_LOADER = "$(BUILT_PRODUCTS_DIR)/PaperPlanesV0.2.0.app/PaperPlanesV0.2.0";
				FRAMEWORK_SEARCH_PATHS = (
					"$(SDKROOT)/Developer/Library/Frameworks",
					"$(inherited)",
				);
				GCC_PREPROCESSOR_DEFINITIONS = (
					"DEBUG=1",
					"$(inherited)",
				);
				INFOPLIST_FILE = PaperPlanesV0.2.0Tests/Info.plist;
				IPHONEOS_DEPLOYMENT_TARGET = 7.1;
				LD_RUNPATH_SEARCH_PATHS = "$(inherited) @executable_path/Frameworks @loader_path/Frameworks";
				METAL_ENABLE_DEBUG_INFO = YES;
				ONLY_ACTIVE_ARCH = YES;
				PRODUCT_NAME = "$(TARGET_NAME)";
				SDKROOT = iphoneos7.1;
				TEST_HOST = "$(BUNDLE_LOADER)";
			};
			name = Debug;
		};
		CABC91491959F99600B4AEF5 /* Release */ = {
			isa = XCBuildConfiguration;
			buildSettings = {
				BUNDLE_LOADER = "$(BUILT_PRODUCTS_DIR)/PaperPlanesV0.2.0.app/PaperPlanesV0.2.0";
				FRAMEWORK_SEARCH_PATHS = (
					"$(SDKROOT)/Developer/Library/Frameworks",
					"$(inherited)",
				);
				INFOPLIST_FILE = PaperPlanesV0.2.0Tests/Info.plist;
				IPHONEOS_DEPLOYMENT_TARGET = 7.1;
				LD_RUNPATH_SEARCH_PATHS = "$(inherited) @executable_path/Frameworks @loader_path/Frameworks";
				METAL_ENABLE_DEBUG_INFO = NO;
				ONLY_ACTIVE_ARCH = NO;
				PRODUCT_NAME = "$(TARGET_NAME)";
				SDKROOT = iphoneos7.1;
				TEST_HOST = "$(BUNDLE_LOADER)";
			};
			name = Release;
		};
/* End XCBuildConfiguration section */

/* Begin XCConfigurationList section */
		CABC911F1959F99600B4AEF5 /* Build configuration list for PBXProject "PaperPlanesV0.2.0" */ = {
			isa = XCConfigurationList;
			buildConfigurations = (
				CABC91421959F99600B4AEF5 /* Debug */,
				CABC91431959F99600B4AEF5 /* Release */,
			);
			defaultConfigurationIsVisible = 0;
			defaultConfigurationName = Release;
		};
		CABC91441959F99600B4AEF5 /* Build configuration list for PBXNativeTarget "PaperPlanesV0.2.0" */ = {
			isa = XCConfigurationList;
			buildConfigurations = (
				CABC91451959F99600B4AEF5 /* Debug */,
				CABC91461959F99600B4AEF5 /* Release */,
			);
			defaultConfigurationIsVisible = 0;
			defaultConfigurationName = Release;
		};
		CABC91471959F99600B4AEF5 /* Build configuration list for PBXNativeTarget "PaperPlanesV0.2.0Tests" */ = {
			isa = XCConfigurationList;
			buildConfigurations = (
				CABC91481959F99600B4AEF5 /* Debug */,
				CABC91491959F99600B4AEF5 /* Release */,
			);
			defaultConfigurationIsVisible = 0;
			defaultConfigurationName = Release;
		};
/* End XCConfigurationList section */
	};
	rootObject = CABC911C1959F99600B4AEF5 /* Project object */;
}
