// !$*UTF8*$!
{
	archiveVersion = 1;
	classes = {
	};
	objectVersion = 46;
	objects = {

/* Begin PBXBuildFile section */
		48EEE9B7194A285600863902 /* Foundation.framework in Frameworks */ = {isa = PBXBuildFile; fileRef = 48EEE9B6194A285600863902 /* Foundation.framework */; };
		48EEE9B9194A285600863902 /* CoreGraphics.framework in Frameworks */ = {isa = PBXBuildFile; fileRef = 48EEE9B8194A285600863902 /* CoreGraphics.framework */; };
		48EEE9BB194A285600863902 /* UIKit.framework in Frameworks */ = {isa = PBXBuildFile; fileRef = 48EEE9BA194A285600863902 /* UIKit.framework */; };
		48EEE9C1194A285600863902 /* InfoPlist.strings in Resources */ = {isa = PBXBuildFile; fileRef = 48EEE9BF194A285600863902 /* InfoPlist.strings */; };
		48EEE9C3194A285600863902 /* main.m in Sources */ = {isa = PBXBuildFile; fileRef = 48EEE9C2194A285600863902 /* main.m */; };
		48EEE9C7194A285600863902 /* PPAppDelegate.m in Sources */ = {isa = PBXBuildFile; fileRef = 48EEE9C6194A285600863902 /* PPAppDelegate.m */; };
		48EEE9CA194A285600863902 /* Main.storyboard in Resources */ = {isa = PBXBuildFile; fileRef = 48EEE9C8194A285600863902 /* Main.storyboard */; };
		48EEE9CD194A285600863902 /* PPViewController.m in Sources */ = {isa = PBXBuildFile; fileRef = 48EEE9CC194A285600863902 /* PPViewController.m */; };
		48EEE9CF194A285600863902 /* Images.xcassets in Resources */ = {isa = PBXBuildFile; fileRef = 48EEE9CE194A285600863902 /* Images.xcassets */; };
		48EEE9D6194A285600863902 /* XCTest.framework in Frameworks */ = {isa = PBXBuildFile; fileRef = 48EEE9D5194A285600863902 /* XCTest.framework */; };
		48EEE9D7194A285600863902 /* Foundation.framework in Frameworks */ = {isa = PBXBuildFile; fileRef = 48EEE9B6194A285600863902 /* Foundation.framework */; };
		48EEE9D8194A285600863902 /* UIKit.framework in Frameworks */ = {isa = PBXBuildFile; fileRef = 48EEE9BA194A285600863902 /* UIKit.framework */; };
		48EEE9E0194A285600863902 /* InfoPlist.strings in Resources */ = {isa = PBXBuildFile; fileRef = 48EEE9DE194A285600863902 /* InfoPlist.strings */; };
		48EEE9E2194A285600863902 /* TestTestTests.m in Sources */ = {isa = PBXBuildFile; fileRef = 48EEE9E1194A285600863902 /* TestTestTests.m */; };
/* End PBXBuildFile section */

/* Begin PBXContainerItemProxy section */
		48EEE9D9194A285600863902 /* PBXContainerItemProxy */ = {
			isa = PBXContainerItemProxy;
			containerPortal = 48EEE9AB194A285600863902 /* Project object */;
			proxyType = 1;
			remoteGlobalIDString = 48EEE9B2194A285600863902;
			remoteInfo = TestTest;
		};
/* End PBXContainerItemProxy section */

/* Begin PBXFileReference section */
		48EEE9B3194A285600863902 /* TestTest.app */ = {isa = PBXFileReference; explicitFileType = wrapper.application; includeInIndex = 0; path = TestTest.app; sourceTree = BUILT_PRODUCTS_DIR; };
		48EEE9B6194A285600863902 /* Foundation.framework */ = {isa = PBXFileReference; lastKnownFileType = wrapper.framework; name = Foundation.framework; path = System/Library/Frameworks/Foundation.framework; sourceTree = SDKROOT; };
		48EEE9B8194A285600863902 /* CoreGraphics.framework */ = {isa = PBXFileReference; lastKnownFileType = wrapper.framework; name = CoreGraphics.framework; path = System/Library/Frameworks/CoreGraphics.framework; sourceTree = SDKROOT; };
		48EEE9BA194A285600863902 /* UIKit.framework */ = {isa = PBXFileReference; lastKnownFileType = wrapper.framework; name = UIKit.framework; path = System/Library/Frameworks/UIKit.framework; sourceTree = SDKROOT; };
		48EEE9BE194A285600863902 /* TestTest-Info.plist */ = {isa = PBXFileReference; lastKnownFileType = text.plist.xml; path = "TestTest-Info.plist"; sourceTree = "<group>"; };
		48EEE9C0194A285600863902 /* en */ = {isa = PBXFileReference; lastKnownFileType = text.plist.strings; name = en; path = en.lproj/InfoPlist.strings; sourceTree = "<group>"; };
		48EEE9C2194A285600863902 /* main.m */ = {isa = PBXFileReference; lastKnownFileType = sourcecode.c.objc; path = main.m; sourceTree = "<group>"; };
		48EEE9C4194A285600863902 /* TestTest-Prefix.pch */ = {isa = PBXFileReference; lastKnownFileType = sourcecode.c.h; path = "TestTest-Prefix.pch"; sourceTree = "<group>"; };
		48EEE9C5194A285600863902 /* PPAppDelegate.h */ = {isa = PBXFileReference; lastKnownFileType = sourcecode.c.h; path = PPAppDelegate.h; sourceTree = "<group>"; };
		48EEE9C6194A285600863902 /* PPAppDelegate.m */ = {isa = PBXFileReference; lastKnownFileType = sourcecode.c.objc; path = PPAppDelegate.m; sourceTree = "<group>"; };
		48EEE9C9194A285600863902 /* Base */ = {isa = PBXFileReference; lastKnownFileType = file.storyboard; name = Base; path = Base.lproj/Main.storyboard; sourceTree = "<group>"; };
		48EEE9CB194A285600863902 /* PPViewController.h */ = {isa = PBXFileReference; lastKnownFileType = sourcecode.c.h; path = PPViewController.h; sourceTree = "<group>"; };
		48EEE9CC194A285600863902 /* PPViewController.m */ = {isa = PBXFileReference; lastKnownFileType = sourcecode.c.objc; path = PPViewController.m; sourceTree = "<group>"; };
		48EEE9CE194A285600863902 /* Images.xcassets */ = {isa = PBXFileReference; lastKnownFileType = folder.assetcatalog; path = Images.xcassets; sourceTree = "<group>"; };
		48EEE9D4194A285600863902 /* TestTestTests.xctest */ = {isa = PBXFileReference; explicitFileType = wrapper.cfbundle; includeInIndex = 0; path = TestTestTests.xctest; sourceTree = BUILT_PRODUCTS_DIR; };
		48EEE9D5194A285600863902 /* XCTest.framework */ = {isa = PBXFileReference; lastKnownFileType = wrapper.framework; name = XCTest.framework; path = Library/Frameworks/XCTest.framework; sourceTree = DEVELOPER_DIR; };
		48EEE9DD194A285600863902 /* TestTestTests-Info.plist */ = {isa = PBXFileReference; lastKnownFileType = text.plist.xml; path = "TestTestTests-Info.plist"; sourceTree = "<group>"; };
		48EEE9DF194A285600863902 /* en */ = {isa = PBXFileReference; lastKnownFileType = text.plist.strings; name = en; path = en.lproj/InfoPlist.strings; sourceTree = "<group>"; };
		48EEE9E1194A285600863902 /* TestTestTests.m */ = {isa = PBXFileReference; lastKnownFileType = sourcecode.c.objc; path = TestTestTests.m; sourceTree = "<group>"; };
/* End PBXFileReference section */

/* Begin PBXFrameworksBuildPhase section */
		48EEE9B0194A285600863902 /* Frameworks */ = {
			isa = PBXFrameworksBuildPhase;
			buildActionMask = 2147483647;
			files = (
				48EEE9B9194A285600863902 /* CoreGraphics.framework in Frameworks */,
				48EEE9BB194A285600863902 /* UIKit.framework in Frameworks */,
				48EEE9B7194A285600863902 /* Foundation.framework in Frameworks */,
			);
			runOnlyForDeploymentPostprocessing = 0;
		};
		48EEE9D1194A285600863902 /* Frameworks */ = {
			isa = PBXFrameworksBuildPhase;
			buildActionMask = 2147483647;
			files = (
				48EEE9D6194A285600863902 /* XCTest.framework in Frameworks */,
				48EEE9D8194A285600863902 /* UIKit.framework in Frameworks */,
				48EEE9D7194A285600863902 /* Foundation.framework in Frameworks */,
			);
			runOnlyForDeploymentPostprocessing = 0;
		};
/* End PBXFrameworksBuildPhase section */

/* Begin PBXGroup section */
		48EEE9AA194A285600863902 = {
			isa = PBXGroup;
			children = (
				48EEE9BC194A285600863902 /* TestTest */,
				48EEE9DB194A285600863902 /* TestTestTests */,
				48EEE9B5194A285600863902 /* Frameworks */,
				48EEE9B4194A285600863902 /* Products */,
			);
			sourceTree = "<group>";
		};
		48EEE9B4194A285600863902 /* Products */ = {
			isa = PBXGroup;
			children = (
				48EEE9B3194A285600863902 /* TestTest.app */,
				48EEE9D4194A285600863902 /* TestTestTests.xctest */,
			);
			name = Products;
			sourceTree = "<group>";
		};
		48EEE9B5194A285600863902 /* Frameworks */ = {
			isa = PBXGroup;
			children = (
				48EEE9B6194A285600863902 /* Foundation.framework */,
				48EEE9B8194A285600863902 /* CoreGraphics.framework */,
				48EEE9BA194A285600863902 /* UIKit.framework */,
				48EEE9D5194A285600863902 /* XCTest.framework */,
			);
			name = Frameworks;
			sourceTree = "<group>";
		};
		48EEE9BC194A285600863902 /* TestTest */ = {
			isa = PBXGroup;
			children = (
				48EEE9C5194A285600863902 /* PPAppDelegate.h */,
				48EEE9C6194A285600863902 /* PPAppDelegate.m */,
				48EEE9C8194A285600863902 /* Main.storyboard */,
				48EEE9CB194A285600863902 /* PPViewController.h */,
				48EEE9CC194A285600863902 /* PPViewController.m */,
				48EEE9CE194A285600863902 /* Images.xcassets */,
				48EEE9BD194A285600863902 /* Supporting Files */,
			);
			path = TestTest;
			sourceTree = "<group>";
		};
		48EEE9BD194A285600863902 /* Supporting Files */ = {
			isa = PBXGroup;
			children = (
				48EEE9BE194A285600863902 /* TestTest-Info.plist */,
				48EEE9BF194A285600863902 /* InfoPlist.strings */,
				48EEE9C2194A285600863902 /* main.m */,
				48EEE9C4194A285600863902 /* TestTest-Prefix.pch */,
			);
			name = "Supporting Files";
			sourceTree = "<group>";
		};
		48EEE9DB194A285600863902 /* TestTestTests */ = {
			isa = PBXGroup;
			children = (
				48EEE9E1194A285600863902 /* TestTestTests.m */,
				48EEE9DC194A285600863902 /* Supporting Files */,
			);
			path = TestTestTests;
			sourceTree = "<group>";
		};
		48EEE9DC194A285600863902 /* Supporting Files */ = {
			isa = PBXGroup;
			children = (
				48EEE9DD194A285600863902 /* TestTestTests-Info.plist */,
				48EEE9DE194A285600863902 /* InfoPlist.strings */,
			);
			name = "Supporting Files";
			sourceTree = "<group>";
		};
/* End PBXGroup section */

/* Begin PBXNativeTarget section */
		48EEE9B2194A285600863902 /* TestTest */ = {
			isa = PBXNativeTarget;
			buildConfigurationList = 48EEE9E5194A285600863902 /* Build configuration list for PBXNativeTarget "TestTest" */;
			buildPhases = (
				48EEE9AF194A285600863902 /* Sources */,
				48EEE9B0194A285600863902 /* Frameworks */,
				48EEE9B1194A285600863902 /* Resources */,
			);
			buildRules = (
			);
			dependencies = (
			);
			name = TestTest;
			productName = TestTest;
			productReference = 48EEE9B3194A285600863902 /* TestTest.app */;
			productType = "com.apple.product-type.application";
		};
		48EEE9D3194A285600863902 /* TestTestTests */ = {
			isa = PBXNativeTarget;
			buildConfigurationList = 48EEE9E8194A285600863902 /* Build configuration list for PBXNativeTarget "TestTestTests" */;
			buildPhases = (
				48EEE9D0194A285600863902 /* Sources */,
				48EEE9D1194A285600863902 /* Frameworks */,
				48EEE9D2194A285600863902 /* Resources */,
			);
			buildRules = (
			);
			dependencies = (
				48EEE9DA194A285600863902 /* PBXTargetDependency */,
			);
			name = TestTestTests;
			productName = TestTestTests;
			productReference = 48EEE9D4194A285600863902 /* TestTestTests.xctest */;
			productType = "com.apple.product-type.bundle.unit-test";
		};
/* End PBXNativeTarget section */

/* Begin PBXProject section */
		48EEE9AB194A285600863902 /* Project object */ = {
			isa = PBXProject;
			attributes = {
				CLASSPREFIX = PP;
				LastUpgradeCheck = 0510;
				ORGANIZATIONNAME = "Learning Apps";
				TargetAttributes = {
					48EEE9D3194A285600863902 = {
						TestTargetID = 48EEE9B2194A285600863902;
					};
				};
			};
			buildConfigurationList = 48EEE9AE194A285600863902 /* Build configuration list for PBXProject "TestTest" */;
			compatibilityVersion = "Xcode 3.2";
			developmentRegion = English;
			hasScannedForEncodings = 0;
			knownRegions = (
				en,
				Base,
			);
			mainGroup = 48EEE9AA194A285600863902;
			productRefGroup = 48EEE9B4194A285600863902 /* Products */;
			projectDirPath = "";
			projectRoot = "";
			targets = (
				48EEE9B2194A285600863902 /* TestTest */,
				48EEE9D3194A285600863902 /* TestTestTests */,
			);
		};
/* End PBXProject section */

/* Begin PBXResourcesBuildPhase section */
		48EEE9B1194A285600863902 /* Resources */ = {
			isa = PBXResourcesBuildPhase;
			buildActionMask = 2147483647;
			files = (
				48EEE9CF194A285600863902 /* Images.xcassets in Resources */,
				48EEE9C1194A285600863902 /* InfoPlist.strings in Resources */,
				48EEE9CA194A285600863902 /* Main.storyboard in Resources */,
			);
			runOnlyForDeploymentPostprocessing = 0;
		};
		48EEE9D2194A285600863902 /* Resources */ = {
			isa = PBXResourcesBuildPhase;
			buildActionMask = 2147483647;
			files = (
				48EEE9E0194A285600863902 /* InfoPlist.strings in Resources */,
			);
			runOnlyForDeploymentPostprocessing = 0;
		};
/* End PBXResourcesBuildPhase section */

/* Begin PBXSourcesBuildPhase section */
		48EEE9AF194A285600863902 /* Sources */ = {
			isa = PBXSourcesBuildPhase;
			buildActionMask = 2147483647;
			files = (
				48EEE9C7194A285600863902 /* PPAppDelegate.m in Sources */,
				48EEE9CD194A285600863902 /* PPViewController.m in Sources */,
				48EEE9C3194A285600863902 /* main.m in Sources */,
			);
			runOnlyForDeploymentPostprocessing = 0;
		};
		48EEE9D0194A285600863902 /* Sources */ = {
			isa = PBXSourcesBuildPhase;
			buildActionMask = 2147483647;
			files = (
				48EEE9E2194A285600863902 /* TestTestTests.m in Sources */,
			);
			runOnlyForDeploymentPostprocessing = 0;
		};
/* End PBXSourcesBuildPhase section */

/* Begin PBXTargetDependency section */
		48EEE9DA194A285600863902 /* PBXTargetDependency */ = {
			isa = PBXTargetDependency;
			target = 48EEE9B2194A285600863902 /* TestTest */;
			targetProxy = 48EEE9D9194A285600863902 /* PBXContainerItemProxy */;
		};
/* End PBXTargetDependency section */

/* Begin PBXVariantGroup section */
		48EEE9BF194A285600863902 /* InfoPlist.strings */ = {
			isa = PBXVariantGroup;
			children = (
				48EEE9C0194A285600863902 /* en */,
			);
			name = InfoPlist.strings;
			sourceTree = "<group>";
		};
		48EEE9C8194A285600863902 /* Main.storyboard */ = {
			isa = PBXVariantGroup;
			children = (
				48EEE9C9194A285600863902 /* Base */,
			);
			name = Main.storyboard;
			sourceTree = "<group>";
		};
		48EEE9DE194A285600863902 /* InfoPlist.strings */ = {
			isa = PBXVariantGroup;
			children = (
				48EEE9DF194A285600863902 /* en */,
			);
			name = InfoPlist.strings;
			sourceTree = "<group>";
		};
/* End PBXVariantGroup section */

/* Begin XCBuildConfiguration section */
		48EEE9E3194A285600863902 /* Debug */ = {
			isa = XCBuildConfiguration;
			buildSettings = {
				ALWAYS_SEARCH_USER_PATHS = NO;
				CLANG_CXX_LANGUAGE_STANDARD = "gnu++0x";
				CLANG_CXX_LIBRARY = "libc++";
				CLANG_ENABLE_MODULES = YES;
				CLANG_ENABLE_OBJC_ARC = YES;
				CLANG_WARN_BOOL_CONVERSION = YES;
				CLANG_WARN_CONSTANT_CONVERSION = YES;
				CLANG_WARN_DIRECT_OBJC_ISA_USAGE = YES_ERROR;
				CLANG_WARN_EMPTY_BODY = YES;
				CLANG_WARN_ENUM_CONVERSION = YES;
				CLANG_WARN_INT_CONVERSION = YES;
				CLANG_WARN_OBJC_ROOT_CLASS = YES_ERROR;
				CLANG_WARN__DUPLICATE_METHOD_MATCH = YES;
				"CODE_SIGN_IDENTITY[sdk=iphoneos*]" = "iPhone Developer";
				COPY_PHASE_STRIP = NO;
				GCC_C_LANGUAGE_STANDARD = gnu99;
				GCC_DYNAMIC_NO_PIC = NO;
				GCC_OPTIMIZATION_LEVEL = 0;
				GCC_PREPROCESSOR_DEFINITIONS = (
					"DEBUG=1",
					"$(inherited)",
				);
				GCC_SYMBOLS_PRIVATE_EXTERN = NO;
				GCC_WARN_64_TO_32_BIT_CONVERSION = YES;
				GCC_WARN_ABOUT_RETURN_TYPE = YES_ERROR;
				GCC_WARN_UNDECLARED_SELECTOR = YES;
				GCC_WARN_UNINITIALIZED_AUTOS = YES_AGGRESSIVE;
				GCC_WARN_UNUSED_FUNCTION = YES;
				GCC_WARN_UNUSED_VARIABLE = YES;
				IPHONEOS_DEPLOYMENT_TARGET = 7.1;
				ONLY_ACTIVE_ARCH = YES;
				SDKROOT = iphoneos;
			};
			name = Debug;
		};
		48EEE9E4194A285600863902 /* Release */ = {
			isa = XCBuildConfiguration;
			buildSettings = {
				ALWAYS_SEARCH_USER_PATHS = NO;
				CLANG_CXX_LANGUAGE_STANDARD = "gnu++0x";
				CLANG_CXX_LIBRARY = "libc++";
				CLANG_ENABLE_MODULES = YES;
				CLANG_ENABLE_OBJC_ARC = YES;
				CLANG_WARN_BOOL_CONVERSION = YES;
				CLANG_WARN_CONSTANT_CONVERSION = YES;
				CLANG_WARN_DIRECT_OBJC_ISA_USAGE = YES_ERROR;
				CLANG_WARN_EMPTY_BODY = YES;
				CLANG_WARN_ENUM_CONVERSION = YES;
				CLANG_WARN_INT_CONVERSION = YES;
				CLANG_WARN_OBJC_ROOT_CLASS = YES_ERROR;
				CLANG_WARN__DUPLICATE_METHOD_MATCH = YES;
				"CODE_SIGN_IDENTITY[sdk=iphoneos*]" = "iPhone Developer";
				COPY_PHASE_STRIP = YES;
				ENABLE_NS_ASSERTIONS = NO;
				GCC_C_LANGUAGE_STANDARD = gnu99;
				GCC_WARN_64_TO_32_BIT_CONVERSION = YES;
				GCC_WARN_ABOUT_RETURN_TYPE = YES_ERROR;
				GCC_WARN_UNDECLARED_SELECTOR = YES;
				GCC_WARN_UNINITIALIZED_AUTOS = YES_AGGRESSIVE;
				GCC_WARN_UNUSED_FUNCTION = YES;
				GCC_WARN_UNUSED_VARIABLE = YES;
				IPHONEOS_DEPLOYMENT_TARGET = 7.1;
				SDKROOT = iphoneos;
				VALIDATE_PRODUCT = YES;
			};
			name = Release;
		};
		48EEE9E6194A285600863902 /* Debug */ = {
			isa = XCBuildConfiguration;
			buildSettings = {
				ASSETCATALOG_COMPILER_APPICON_NAME = AppIcon;
				ASSETCATALOG_COMPILER_LAUNCHIMAGE_NAME = LaunchImage;
				GCC_PRECOMPILE_PREFIX_HEADER = YES;
				GCC_PREFIX_HEADER = "TestTest/TestTest-Prefix.pch";
				INFOPLIST_FILE = "TestTest/TestTest-Info.plist";
				PRODUCT_NAME = "$(TARGET_NAME)";
				WRAPPER_EXTENSION = app;
			};
			name = Debug;
		};
		48EEE9E7194A285600863902 /* Release */ = {
			isa = XCBuildConfiguration;
			buildSettings = {
				ASSETCATALOG_COMPILER_APPICON_NAME = AppIcon;
				ASSETCATALOG_COMPILER_LAUNCHIMAGE_NAME = LaunchImage;
				GCC_PRECOMPILE_PREFIX_HEADER = YES;
				GCC_PREFIX_HEADER = "TestTest/TestTest-Prefix.pch";
				INFOPLIST_FILE = "TestTest/TestTest-Info.plist";
				PRODUCT_NAME = "$(TARGET_NAME)";
				WRAPPER_EXTENSION = app;
			};
			name = Release;
		};
		48EEE9E9194A285600863902 /* Debug */ = {
			isa = XCBuildConfiguration;
			buildSettings = {
				BUNDLE_LOADER = "$(BUILT_PRODUCTS_DIR)/TestTest.app/TestTest";
				FRAMEWORK_SEARCH_PATHS = (
					"$(SDKROOT)/Developer/Library/Frameworks",
					"$(inherited)",
					"$(DEVELOPER_FRAMEWORKS_DIR)",
				);
				GCC_PRECOMPILE_PREFIX_HEADER = YES;
				GCC_PREFIX_HEADER = "TestTest/TestTest-Prefix.pch";
				GCC_PREPROCESSOR_DEFINITIONS = (
					"DEBUG=1",
					"$(inherited)",
				);
				INFOPLIST_FILE = "TestTestTests/TestTestTests-Info.plist";
				PRODUCT_NAME = "$(TARGET_NAME)";
				TEST_HOST = "$(BUNDLE_LOADER)";
				WRAPPER_EXTENSION = xctest;
			};
			name = Debug;
		};
		48EEE9EA194A285600863902 /* Release */ = {
			isa = XCBuildConfiguration;
			buildSettings = {
				BUNDLE_LOADER = "$(BUILT_PRODUCTS_DIR)/TestTest.app/TestTest";
				FRAMEWORK_SEARCH_PATHS = (
					"$(SDKROOT)/Developer/Library/Frameworks",
					"$(inherited)",
					"$(DEVELOPER_FRAMEWORKS_DIR)",
				);
				GCC_PRECOMPILE_PREFIX_HEADER = YES;
				GCC_PREFIX_HEADER = "TestTest/TestTest-Prefix.pch";
				INFOPLIST_FILE = "TestTestTests/TestTestTests-Info.plist";
				PRODUCT_NAME = "$(TARGET_NAME)";
				TEST_HOST = "$(BUNDLE_LOADER)";
				WRAPPER_EXTENSION = xctest;
			};
			name = Release;
		};
/* End XCBuildConfiguration section */

/* Begin XCConfigurationList section */
		48EEE9AE194A285600863902 /* Build configuration list for PBXProject "TestTest" */ = {
			isa = XCConfigurationList;
			buildConfigurations = (
				48EEE9E3194A285600863902 /* Debug */,
				48EEE9E4194A285600863902 /* Release */,
			);
			defaultConfigurationIsVisible = 0;
			defaultConfigurationName = Release;
		};
		48EEE9E5194A285600863902 /* Build configuration list for PBXNativeTarget "TestTest" */ = {
			isa = XCConfigurationList;
			buildConfigurations = (
				48EEE9E6194A285600863902 /* Debug */,
				48EEE9E7194A285600863902 /* Release */,
			);
			defaultConfigurationIsVisible = 0;
		};
		48EEE9E8194A285600863902 /* Build configuration list for PBXNativeTarget "TestTestTests" */ = {
			isa = XCConfigurationList;
			buildConfigurations = (
				48EEE9E9194A285600863902 /* Debug */,
				48EEE9EA194A285600863902 /* Release */,
			);
			defaultConfigurationIsVisible = 0;
		};
/* End XCConfigurationList section */
	};
	rootObject = 48EEE9AB194A285600863902 /* Project object */;
}
